
Microsoft Visual Studio Solution File, Format Version 12.00
# Visual Studio Version 16
VisualStudioVersion = 16.0.31702.278
MinimumVisualStudioVersion = 10.0.40219.1
Project("{FAE04EC0-301F-11D3-BF4B-00C04F79EFBC}") = "ProdutosEF", "ProdutosEF\ProdutosEF.csproj", "{B15AA71B-B023-424C-9F05-77D8C5648C12}"
EndProject
Global
	GlobalSection(SolutionConfigurationPlatforms) = preSolution
		Debug|Any CPU = Debug|Any CPU
		Release|Any CPU = Release|Any CPU
	EndGlobalSection
	GlobalSection(ProjectConfigurationPlatforms) = postSolution
		{B15AA71B-B023-424C-9F05-77D8C5648C12}.Debug|Any CPU.ActiveCfg = Debug|Any CPU
		{B15AA71B-B023-424C-9F05-77D8C5648C12}.Debug|Any CPU.Build.0 = Debug|Any CPU
		{B15AA71B-B023-424C-9F05-77D8C5648C12}.Release|Any CPU.ActiveCfg = Release|Any CPU
		{B15AA71B-B023-424C-9F05-77D8C5648C12}.Release|Any CPU.Build.0 = Release|Any CPU
	EndGlobalSection
	GlobalSection(SolutionProperties) = preSolution
		HideSolutionNode = FALSE
	EndGlobalSection
	GlobalSection(ExtensibilityGlobals) = postSolution
		SolutionGuid = {54EF45F0-63D9-4619-94E0-00D485178633}
	EndGlobalSection
EndGlobal
