
Microsoft Visual Studio Solution File, Format Version 12.00
# Visual Studio Version 16
VisualStudioVersion = 16.0.31702.278
MinimumVisualStudioVersion = 10.0.40219.1
Project("{FAE04EC0-301F-11D3-BF4B-00C04F79EFBC}") = "TesteIdentity", "TesteIdentity\TesteIdentity.csproj", "{53496CE3-E232-47BB-AAB5-D4F70DB56DE2}"
EndProject
Global
	GlobalSection(SolutionConfigurationPlatforms) = preSolution
		Debug|Any CPU = Debug|Any CPU
		Release|Any CPU = Release|Any CPU
	EndGlobalSection
	GlobalSection(ProjectConfigurationPlatforms) = postSolution
		{53496CE3-E232-47BB-AAB5-D4F70DB56DE2}.Debug|Any CPU.ActiveCfg = Debug|Any CPU
		{53496CE3-E232-47BB-AAB5-D4F70DB56DE2}.Debug|Any CPU.Build.0 = Debug|Any CPU
		{53496CE3-E232-47BB-AAB5-D4F70DB56DE2}.Release|Any CPU.ActiveCfg = Release|Any CPU
		{53496CE3-E232-47BB-AAB5-D4F70DB56DE2}.Release|Any CPU.Build.0 = Release|Any CPU
	EndGlobalSection
	GlobalSection(SolutionProperties) = preSolution
		HideSolutionNode = FALSE
	EndGlobalSection
	GlobalSection(ExtensibilityGlobals) = postSolution
		SolutionGuid = {7DBDA18B-8E96-46BC-A7B6-72796AC7A8C0}
	EndGlobalSection
EndGlobal
