
Microsoft Visual Studio Solution File, Format Version 12.00
# Visual Studio Version 16
VisualStudioVersion = 16.0.31702.278
MinimumVisualStudioVersion = 10.0.40219.1
Project("{FAE04EC0-301F-11D3-BF4B-00C04F79EFBC}") = "TesteMVC", "TesteMVC\TesteMVC.csproj", "{CBBCD4AA-80A2-4F52-AFC3-28102F651B62}"
EndProject
Global
	GlobalSection(SolutionConfigurationPlatforms) = preSolution
		Debug|Any CPU = Debug|Any CPU
		Release|Any CPU = Release|Any CPU
	EndGlobalSection
	GlobalSection(ProjectConfigurationPlatforms) = postSolution
		{CBBCD4AA-80A2-4F52-AFC3-28102F651B62}.Debug|Any CPU.ActiveCfg = Debug|Any CPU
		{CBBCD4AA-80A2-4F52-AFC3-28102F651B62}.Debug|Any CPU.Build.0 = Debug|Any CPU
		{CBBCD4AA-80A2-4F52-AFC3-28102F651B62}.Release|Any CPU.ActiveCfg = Release|Any CPU
		{CBBCD4AA-80A2-4F52-AFC3-28102F651B62}.Release|Any CPU.Build.0 = Release|Any CPU
	EndGlobalSection
	GlobalSection(SolutionProperties) = preSolution
		HideSolutionNode = FALSE
	EndGlobalSection
	GlobalSection(ExtensibilityGlobals) = postSolution
		SolutionGuid = {3B9590AA-2DB8-4980-9C58-F73EADDB6FE2}
	EndGlobalSection
EndGlobal
