
Microsoft Visual Studio Solution File, Format Version 12.00
# Visual Studio Version 16
VisualStudioVersion = 16.0.31424.327
MinimumVisualStudioVersion = 10.0.40219.1
Project("{FAE04EC0-301F-11D3-BF4B-00C04F79EFBC}") = "ListagemDeProdutos", "ListagemDeProdutos\ListagemDeProdutos.csproj", "{A480E21B-43D3-41EA-88CE-36FAE80775CA}"
EndProject
Global
	GlobalSection(SolutionConfigurationPlatforms) = preSolution
		Debug|Any CPU = Debug|Any CPU
		Release|Any CPU = Release|Any CPU
	EndGlobalSection
	GlobalSection(ProjectConfigurationPlatforms) = postSolution
		{A480E21B-43D3-41EA-88CE-36FAE80775CA}.Debug|Any CPU.ActiveCfg = Debug|Any CPU
		{A480E21B-43D3-41EA-88CE-36FAE80775CA}.Debug|Any CPU.Build.0 = Debug|Any CPU
		{A480E21B-43D3-41EA-88CE-36FAE80775CA}.Release|Any CPU.ActiveCfg = Release|Any CPU
		{A480E21B-43D3-41EA-88CE-36FAE80775CA}.Release|Any CPU.Build.0 = Release|Any CPU
	EndGlobalSection
	GlobalSection(SolutionProperties) = preSolution
		HideSolutionNode = FALSE
	EndGlobalSection
	GlobalSection(ExtensibilityGlobals) = postSolution
		SolutionGuid = {4963C72C-A748-4F79-967E-0C0A18DADC65}
	EndGlobalSection
EndGlobal
