
Microsoft Visual Studio Solution File, Format Version 12.00
# Visual Studio Version 16
VisualStudioVersion = 16.0.31702.278
MinimumVisualStudioVersion = 10.0.40219.1
Project("{FAE04EC0-301F-11D3-BF4B-00C04F79EFBC}") = "TesteCors", "TesteCors\TesteCors.csproj", "{A9DC1E01-E653-4FBA-9491-E760C2E805CB}"
EndProject
Global
	GlobalSection(SolutionConfigurationPlatforms) = preSolution
		Debug|Any CPU = Debug|Any CPU
		Release|Any CPU = Release|Any CPU
	EndGlobalSection
	GlobalSection(ProjectConfigurationPlatforms) = postSolution
		{A9DC1E01-E653-4FBA-9491-E760C2E805CB}.Debug|Any CPU.ActiveCfg = Debug|Any CPU
		{A9DC1E01-E653-4FBA-9491-E760C2E805CB}.Debug|Any CPU.Build.0 = Debug|Any CPU
		{A9DC1E01-E653-4FBA-9491-E760C2E805CB}.Release|Any CPU.ActiveCfg = Release|Any CPU
		{A9DC1E01-E653-4FBA-9491-E760C2E805CB}.Release|Any CPU.Build.0 = Release|Any CPU
	EndGlobalSection
	GlobalSection(SolutionProperties) = preSolution
		HideSolutionNode = FALSE
	EndGlobalSection
	GlobalSection(ExtensibilityGlobals) = postSolution
		SolutionGuid = {68113229-C58B-4280-BFA0-B533CAC322B8}
	EndGlobalSection
EndGlobal
