
Microsoft Visual Studio Solution File, Format Version 12.00
# Visual Studio Version 16
VisualStudioVersion = 16.0.31424.327
MinimumVisualStudioVersion = 10.0.40219.1
Project("{FAE04EC0-301F-11D3-BF4B-00C04F79EFBC}") = "TesteDapper", "TesteDapper\TesteDapper.csproj", "{BA86247B-6CB8-41AF-BCAA-493CF545250E}"
EndProject
Global
	GlobalSection(SolutionConfigurationPlatforms) = preSolution
		Debug|Any CPU = Debug|Any CPU
		Release|Any CPU = Release|Any CPU
	EndGlobalSection
	GlobalSection(ProjectConfigurationPlatforms) = postSolution
		{BA86247B-6CB8-41AF-BCAA-493CF545250E}.Debug|Any CPU.ActiveCfg = Debug|Any CPU
		{BA86247B-6CB8-41AF-BCAA-493CF545250E}.Debug|Any CPU.Build.0 = Debug|Any CPU
		{BA86247B-6CB8-41AF-BCAA-493CF545250E}.Release|Any CPU.ActiveCfg = Release|Any CPU
		{BA86247B-6CB8-41AF-BCAA-493CF545250E}.Release|Any CPU.Build.0 = Release|Any CPU
	EndGlobalSection
	GlobalSection(SolutionProperties) = preSolution
		HideSolutionNode = FALSE
	EndGlobalSection
	GlobalSection(ExtensibilityGlobals) = postSolution
		SolutionGuid = {2A208D13-6537-4249-9ECC-F5D365AC41C8}
	EndGlobalSection
EndGlobal
